PODS:
  - FeedKit (9.1.2)
  - Kingfisher (7.12.0)

DEPENDENCIES:
  - FeedKit (= 9.1.2)
  - Kingfisher (= 7.12.0)

SPEC REPOS:
  trunk:
    - FeedKit
    - Kingfisher

SPEC CHECKSUMS:
  FeedKit: 71653273ab08e618cd6fd1301ca08fc02dca6a9e
  Kingfisher: 53a10ea35051a436b5fb626ca2dd8f3144d755e9

PODFILE CHECKSUM: 1057a720b2dbdd506013908aec0fb12ec32de35f

COCOAPODS: 1.15.2
