// !$*UTF8*$!
{
	archiveVersion = 1;
	classes = {
	};
	objectVersion = 56;
	objects = {

/* Begin PBXBuildFile section */
		1678261E5BC1D361F7BF848F /* Pods_podcastPlayer.framework in Frameworks */ = {isa = PBXBuildFile; fileRef = DAE4DD546D87411ED7B87A99 /* Pods_podcastPlayer.framework */; };
		45ABA1D22C8FCE3000AD7162 /* PodcastDetailViewController.swift in Sources */ = {isa = PBXBuildFile; fileRef = 45ABA1D12C8FCE3000AD7162 /* PodcastDetailViewController.swift */; };
		45ABA1D42C8FCE4000AD7162 /* PodcastDetailViewModel.swift in Sources */ = {isa = PBXBuildFile; fileRef = 45ABA1D32C8FCE4000AD7162 /* PodcastDetailViewModel.swift */; };
		45ABA1D62C8FE59000AD7162 /* PodcastDetailTableViewCell.swift in Sources */ = {isa = PBXBuildFile; fileRef = 45ABA1D52C8FE59000AD7162 /* PodcastDetailTableViewCell.swift */; };
		45ABA1D92C8FECB800AD7162 /* CachedImage.swift in Sources */ = {isa = PBXBuildFile; fileRef = 45ABA1D82C8FECB800AD7162 /* CachedImage.swift */; };
		45ABA1DB2C907D6800AD7162 /* PodcastHeaderView.swift in Sources */ = {isa = PBXBuildFile; fileRef = 45ABA1DA2C907D6800AD7162 /* PodcastHeaderView.swift */; };
		45ABA1DF2C908F3C00AD7162 /* RemoveHTMLTag.swift in Sources */ = {isa = PBXBuildFile; fileRef = 45ABA1DE2C908F3C00AD7162 /* RemoveHTMLTag.swift */; };
		45ABA1E22C90996100AD7162 /* formatTimeInterval.swift in Sources */ = {isa = PBXBuildFile; fileRef = 45ABA1E12C90996100AD7162 /* formatTimeInterval.swift */; };
		45ABA1E42C90F0A300AD7162 /* numberOfLines.swift in Sources */ = {isa = PBXBuildFile; fileRef = 45ABA1E32C90F0A300AD7162 /* numberOfLines.swift */; };
		45ABA1E72C91020700AD7162 /* PodcastDescriptionViewController.swift in Sources */ = {isa = PBXBuildFile; fileRef = 45ABA1E62C91020700AD7162 /* PodcastDescriptionViewController.swift */; };
		45ABA1E92C91021B00AD7162 /* PodcastDescriptionViewModel.swift in Sources */ = {isa = PBXBuildFile; fileRef = 45ABA1E82C91021B00AD7162 /* PodcastDescriptionViewModel.swift */; };
		45ABA1EE2C911F0400AD7162 /* PodcastPlayerViewModel.swift in Sources */ = {isa = PBXBuildFile; fileRef = 45ABA1ED2C911F0400AD7162 /* PodcastPlayerViewModel.swift */; };
		45ABA1F22C913C0500AD7162 /* PodcastMiniPlayerView.swift in Sources */ = {isa = PBXBuildFile; fileRef = 45ABA1F12C913C0500AD7162 /* PodcastMiniPlayerView.swift */; };
		45ABA1F42C913C2100AD7162 /* MiniPlayerViewModel.swift in Sources */ = {isa = PBXBuildFile; fileRef = 45ABA1F32C913C2100AD7162 /* MiniPlayerViewModel.swift */; };
		45ABA1F82C91C1A400AD7162 /* PodcastFullPlayer.swift in Sources */ = {isa = PBXBuildFile; fileRef = 45ABA1F72C91C1A400AD7162 /* PodcastFullPlayer.swift */; };
		45ABA1FA2C91C4BD00AD7162 /* PlayerManagerViewController.swift in Sources */ = {isa = PBXBuildFile; fileRef = 45ABA1F92C91C4BC00AD7162 /* PlayerManagerViewController.swift */; };
		45ABA1FF2C92480100AD7162 /* AudioPlayerManager.swift in Sources */ = {isa = PBXBuildFile; fileRef = 45ABA1FE2C92480100AD7162 /* AudioPlayerManager.swift */; };
		45C39A0D2C8E13C60012F07F /* AppDelegate.swift in Sources */ = {isa = PBXBuildFile; fileRef = 45C39A0C2C8E13C60012F07F /* AppDelegate.swift */; };
		45C39A162C8E13CA0012F07F /* Assets.xcassets in Resources */ = {isa = PBXBuildFile; fileRef = 45C39A152C8E13CA0012F07F /* Assets.xcassets */; };
		45C39A242C8E13CB0012F07F /* podcastPlayerTests.swift in Sources */ = {isa = PBXBuildFile; fileRef = 45C39A232C8E13CB0012F07F /* podcastPlayerTests.swift */; };
		45C39A2E2C8E13CB0012F07F /* podcastPlayerUITests.swift in Sources */ = {isa = PBXBuildFile; fileRef = 45C39A2D2C8E13CB0012F07F /* podcastPlayerUITests.swift */; };
		45C39A302C8E13CB0012F07F /* podcastPlayerUITestsLaunchTests.swift in Sources */ = {isa = PBXBuildFile; fileRef = 45C39A2F2C8E13CB0012F07F /* podcastPlayerUITestsLaunchTests.swift */; };
		45C39A3D2C8E186E0012F07F /* InitialVC.swift in Sources */ = {isa = PBXBuildFile; fileRef = 45C39A3C2C8E186E0012F07F /* InitialVC.swift */; };
		45C39A452C8E2A130012F07F /* PodcastEnterViewController.swift in Sources */ = {isa = PBXBuildFile; fileRef = 45C39A442C8E2A130012F07F /* PodcastEnterViewController.swift */; };
		45C39A472C8E2DD10012F07F /* PodcastEntreViewModel.swift in Sources */ = {isa = PBXBuildFile; fileRef = 45C39A462C8E2DD10012F07F /* PodcastEntreViewModel.swift */; };
		45C39A492C8E33680012F07F /* PodcastEnterHistoryTableViewCell.swift in Sources */ = {isa = PBXBuildFile; fileRef = 45C39A482C8E33680012F07F /* PodcastEnterHistoryTableViewCell.swift */; };
		45C39A4B2C8E82950012F07F /* PodcastModel.swift in Sources */ = {isa = PBXBuildFile; fileRef = 45C39A4A2C8E82940012F07F /* PodcastModel.swift */; };
		45C39A4D2C8E82A40012F07F /* EpisodeModel.swift in Sources */ = {isa = PBXBuildFile; fileRef = 45C39A4C2C8E82A40012F07F /* EpisodeModel.swift */; };
		45C39A4F2C8E84E00012F07F /* PodcastService.swift in Sources */ = {isa = PBXBuildFile; fileRef = 45C39A4E2C8E84E00012F07F /* PodcastService.swift */; };
		45C39A512C8E873D0012F07F /* RSSParser.swift in Sources */ = {isa = PBXBuildFile; fileRef = 45C39A502C8E873D0012F07F /* RSSParser.swift */; };
		45C39A532C8E87E30012F07F /* CacheManager.swift in Sources */ = {isa = PBXBuildFile; fileRef = 45C39A522C8E87E30012F07F /* CacheManager.swift */; };
/* End PBXBuildFile section */

/* Begin PBXContainerItemProxy section */
		45C39A202C8E13CB0012F07F /* PBXContainerItemProxy */ = {
			isa = PBXContainerItemProxy;
			containerPortal = 45C39A012C8E13C60012F07F /* Project object */;
			proxyType = 1;
			remoteGlobalIDString = 45C39A082C8E13C60012F07F;
			remoteInfo = podcastPlayer;
		};
		45C39A2A2C8E13CB0012F07F /* PBXContainerItemProxy */ = {
			isa = PBXContainerItemProxy;
			containerPortal = 45C39A012C8E13C60012F07F /* Project object */;
			proxyType = 1;
			remoteGlobalIDString = 45C39A082C8E13C60012F07F;
			remoteInfo = podcastPlayer;
		};
/* End PBXContainerItemProxy section */

/* Begin PBXFileReference section */
		45ABA1D12C8FCE3000AD7162 /* PodcastDetailViewController.swift */ = {isa = PBXFileReference; lastKnownFileType = sourcecode.swift; path = PodcastDetailViewController.swift; sourceTree = "<group>"; };
		45ABA1D32C8FCE4000AD7162 /* PodcastDetailViewModel.swift */ = {isa = PBXFileReference; lastKnownFileType = sourcecode.swift; path = PodcastDetailViewModel.swift; sourceTree = "<group>"; };
		45ABA1D52C8FE59000AD7162 /* PodcastDetailTableViewCell.swift */ = {isa = PBXFileReference; lastKnownFileType = sourcecode.swift; path = PodcastDetailTableViewCell.swift; sourceTree = "<group>"; };
		45ABA1D82C8FECB800AD7162 /* CachedImage.swift */ = {isa = PBXFileReference; lastKnownFileType = sourcecode.swift; path = CachedImage.swift; sourceTree = "<group>"; };
		45ABA1DA2C907D6800AD7162 /* PodcastHeaderView.swift */ = {isa = PBXFileReference; lastKnownFileType = sourcecode.swift; path = PodcastHeaderView.swift; sourceTree = "<group>"; };
		45ABA1DE2C908F3C00AD7162 /* RemoveHTMLTag.swift */ = {isa = PBXFileReference; lastKnownFileType = sourcecode.swift; path = RemoveHTMLTag.swift; sourceTree = "<group>"; };
		45ABA1E12C90996100AD7162 /* formatTimeInterval.swift */ = {isa = PBXFileReference; lastKnownFileType = sourcecode.swift; path = formatTimeInterval.swift; sourceTree = "<group>"; };
		45ABA1E32C90F0A300AD7162 /* numberOfLines.swift */ = {isa = PBXFileReference; lastKnownFileType = sourcecode.swift; path = numberOfLines.swift; sourceTree = "<group>"; };
		45ABA1E62C91020700AD7162 /* PodcastDescriptionViewController.swift */ = {isa = PBXFileReference; lastKnownFileType = sourcecode.swift; path = PodcastDescriptionViewController.swift; sourceTree = "<group>"; };
		45ABA1E82C91021B00AD7162 /* PodcastDescriptionViewModel.swift */ = {isa = PBXFileReference; lastKnownFileType = sourcecode.swift; path = PodcastDescriptionViewModel.swift; sourceTree = "<group>"; };
		45ABA1ED2C911F0400AD7162 /* PodcastPlayerViewModel.swift */ = {isa = PBXFileReference; lastKnownFileType = sourcecode.swift; path = PodcastPlayerViewModel.swift; sourceTree = "<group>"; };
		45ABA1F12C913C0500AD7162 /* PodcastMiniPlayerView.swift */ = {isa = PBXFileReference; lastKnownFileType = sourcecode.swift; path = PodcastMiniPlayerView.swift; sourceTree = "<group>"; };
		45ABA1F32C913C2100AD7162 /* MiniPlayerViewModel.swift */ = {isa = PBXFileReference; lastKnownFileType = sourcecode.swift; path = MiniPlayerViewModel.swift; sourceTree = "<group>"; };
		45ABA1F72C91C1A400AD7162 /* PodcastFullPlayer.swift */ = {isa = PBXFileReference; lastKnownFileType = sourcecode.swift; path = PodcastFullPlayer.swift; sourceTree = "<group>"; };
		45ABA1F92C91C4BC00AD7162 /* PlayerManagerViewController.swift */ = {isa = PBXFileReference; lastKnownFileType = sourcecode.swift; path = PlayerManagerViewController.swift; sourceTree = "<group>"; };
		45ABA1FE2C92480100AD7162 /* AudioPlayerManager.swift */ = {isa = PBXFileReference; lastKnownFileType = sourcecode.swift; path = AudioPlayerManager.swift; sourceTree = "<group>"; };
		45C39A092C8E13C60012F07F /* podcastPlayer.app */ = {isa = PBXFileReference; explicitFileType = wrapper.application; includeInIndex = 0; path = podcastPlayer.app; sourceTree = BUILT_PRODUCTS_DIR; };
		45C39A0C2C8E13C60012F07F /* AppDelegate.swift */ = {isa = PBXFileReference; lastKnownFileType = sourcecode.swift; path = AppDelegate.swift; sourceTree = "<group>"; };
		45C39A152C8E13CA0012F07F /* Assets.xcassets */ = {isa = PBXFileReference; lastKnownFileType = folder.assetcatalog; path = Assets.xcassets; sourceTree = "<group>"; };
		45C39A1A2C8E13CA0012F07F /* Info.plist */ = {isa = PBXFileReference; lastKnownFileType = text.plist.xml; path = Info.plist; sourceTree = "<group>"; };
		45C39A1F2C8E13CB0012F07F /* podcastPlayerTests.xctest */ = {isa = PBXFileReference; explicitFileType = wrapper.cfbundle; includeInIndex = 0; path = podcastPlayerTests.xctest; sourceTree = BUILT_PRODUCTS_DIR; };
		45C39A232C8E13CB0012F07F /* podcastPlayerTests.swift */ = {isa = PBXFileReference; lastKnownFileType = sourcecode.swift; path = podcastPlayerTests.swift; sourceTree = "<group>"; };
		45C39A292C8E13CB0012F07F /* podcastPlayerUITests.xctest */ = {isa = PBXFileReference; explicitFileType = wrapper.cfbundle; includeInIndex = 0; path = podcastPlayerUITests.xctest; sourceTree = BUILT_PRODUCTS_DIR; };
		45C39A2D2C8E13CB0012F07F /* podcastPlayerUITests.swift */ = {isa = PBXFileReference; lastKnownFileType = sourcecode.swift; path = podcastPlayerUITests.swift; sourceTree = "<group>"; };
		45C39A2F2C8E13CB0012F07F /* podcastPlayerUITestsLaunchTests.swift */ = {isa = PBXFileReference; lastKnownFileType = sourcecode.swift; path = podcastPlayerUITestsLaunchTests.swift; sourceTree = "<group>"; };
		45C39A3C2C8E186E0012F07F /* InitialVC.swift */ = {isa = PBXFileReference; lastKnownFileType = sourcecode.swift; path = InitialVC.swift; sourceTree = "<group>"; };
		45C39A442C8E2A130012F07F /* PodcastEnterViewController.swift */ = {isa = PBXFileReference; lastKnownFileType = sourcecode.swift; path = PodcastEnterViewController.swift; sourceTree = "<group>"; };
		45C39A462C8E2DD10012F07F /* PodcastEntreViewModel.swift */ = {isa = PBXFileReference; lastKnownFileType = sourcecode.swift; path = PodcastEntreViewModel.swift; sourceTree = "<group>"; };
		45C39A482C8E33680012F07F /* PodcastEnterHistoryTableViewCell.swift */ = {isa = PBXFileReference; lastKnownFileType = sourcecode.swift; path = PodcastEnterHistoryTableViewCell.swift; sourceTree = "<group>"; };
		45C39A4A2C8E82940012F07F /* PodcastModel.swift */ = {isa = PBXFileReference; lastKnownFileType = sourcecode.swift; path = PodcastModel.swift; sourceTree = "<group>"; };
		45C39A4C2C8E82A40012F07F /* EpisodeModel.swift */ = {isa = PBXFileReference; lastKnownFileType = sourcecode.swift; path = EpisodeModel.swift; sourceTree = "<group>"; };
		45C39A4E2C8E84E00012F07F /* PodcastService.swift */ = {isa = PBXFileReference; lastKnownFileType = sourcecode.swift; path = PodcastService.swift; sourceTree = "<group>"; };
		45C39A502C8E873D0012F07F /* RSSParser.swift */ = {isa = PBXFileReference; lastKnownFileType = sourcecode.swift; path = RSSParser.swift; sourceTree = "<group>"; };
		45C39A522C8E87E30012F07F /* CacheManager.swift */ = {isa = PBXFileReference; lastKnownFileType = sourcecode.swift; path = CacheManager.swift; sourceTree = "<group>"; };
		92F0AA80AEB5F159865E54A1 /* Pods-podcastPlayer.release.xcconfig */ = {isa = PBXFileReference; includeInIndex = 1; lastKnownFileType = text.xcconfig; name = "Pods-podcastPlayer.release.xcconfig"; path = "Target Support Files/Pods-podcastPlayer/Pods-podcastPlayer.release.xcconfig"; sourceTree = "<group>"; };
		DAE4DD546D87411ED7B87A99 /* Pods_podcastPlayer.framework */ = {isa = PBXFileReference; explicitFileType = wrapper.framework; includeInIndex = 0; path = Pods_podcastPlayer.framework; sourceTree = BUILT_PRODUCTS_DIR; };
		E712614C3072CDA3B9891D2C /* Pods-podcastPlayer.debug.xcconfig */ = {isa = PBXFileReference; includeInIndex = 1; lastKnownFileType = text.xcconfig; name = "Pods-podcastPlayer.debug.xcconfig"; path = "Target Support Files/Pods-podcastPlayer/Pods-podcastPlayer.debug.xcconfig"; sourceTree = "<group>"; };
/* End PBXFileReference section */

/* Begin PBXFrameworksBuildPhase section */
		45C39A062C8E13C60012F07F /* Frameworks */ = {
			isa = PBXFrameworksBuildPhase;
			buildActionMask = 2147483647;
			files = (
				1678261E5BC1D361F7BF848F /* Pods_podcastPlayer.framework in Frameworks */,
			);
			runOnlyForDeploymentPostprocessing = 0;
		};
		45C39A1C2C8E13CB0012F07F /* Frameworks */ = {
			isa = PBXFrameworksBuildPhase;
			buildActionMask = 2147483647;
			files = (
			);
			runOnlyForDeploymentPostprocessing = 0;
		};
		45C39A262C8E13CB0012F07F /* Frameworks */ = {
			isa = PBXFrameworksBuildPhase;
			buildActionMask = 2147483647;
			files = (
			);
			runOnlyForDeploymentPostprocessing = 0;
		};
/* End PBXFrameworksBuildPhase section */

/* Begin PBXGroup section */
		0A92E08E6780B9558429966F /* Pods */ = {
			isa = PBXGroup;
			children = (
				E712614C3072CDA3B9891D2C /* Pods-podcastPlayer.debug.xcconfig */,
				92F0AA80AEB5F159865E54A1 /* Pods-podcastPlayer.release.xcconfig */,
			);
			path = Pods;
			sourceTree = "<group>";
		};
		45ABA1D02C8FCD2300AD7162 /* podcastDetail */ = {
			isa = PBXGroup;
			children = (
				45ABA1D12C8FCE3000AD7162 /* PodcastDetailViewController.swift */,
				45ABA1D32C8FCE4000AD7162 /* PodcastDetailViewModel.swift */,
				45ABA1D52C8FE59000AD7162 /* PodcastDetailTableViewCell.swift */,
				45ABA1DA2C907D6800AD7162 /* PodcastHeaderView.swift */,
			);
			path = podcastDetail;
			sourceTree = "<group>";
		};
		45ABA1D72C8FECA000AD7162 /* extensions */ = {
			isa = PBXGroup;
			children = (
				45ABA1E02C90994900AD7162 /* time */,
				45ABA1DD2C908F2700AD7162 /* string */,
				45ABA1DC2C908F1C00AD7162 /* image */,
			);
			path = extensions;
			sourceTree = "<group>";
		};
		45ABA1DC2C908F1C00AD7162 /* image */ = {
			isa = PBXGroup;
			children = (
				45ABA1D82C8FECB800AD7162 /* CachedImage.swift */,
			);
			path = image;
			sourceTree = "<group>";
		};
		45ABA1DD2C908F2700AD7162 /* string */ = {
			isa = PBXGroup;
			children = (
				45ABA1DE2C908F3C00AD7162 /* RemoveHTMLTag.swift */,
				45ABA1E32C90F0A300AD7162 /* numberOfLines.swift */,
			);
			path = string;
			sourceTree = "<group>";
		};
		45ABA1E02C90994900AD7162 /* time */ = {
			isa = PBXGroup;
			children = (
				45ABA1E12C90996100AD7162 /* formatTimeInterval.swift */,
			);
			path = time;
			sourceTree = "<group>";
		};
		45ABA1E52C91017700AD7162 /* podcastDescription */ = {
			isa = PBXGroup;
			children = (
				45ABA1E62C91020700AD7162 /* PodcastDescriptionViewController.swift */,
				45ABA1E82C91021B00AD7162 /* PodcastDescriptionViewModel.swift */,
			);
			path = podcastDescription;
			sourceTree = "<group>";
		};
		45ABA1EA2C9114D700AD7162 /* podcastPlayer */ = {
			isa = PBXGroup;
			children = (
				45ABA1F72C91C1A400AD7162 /* PodcastFullPlayer.swift */,
				45ABA1ED2C911F0400AD7162 /* PodcastPlayerViewModel.swift */,
				45ABA1F12C913C0500AD7162 /* PodcastMiniPlayerView.swift */,
				45ABA1F32C913C2100AD7162 /* MiniPlayerViewModel.swift */,
				45ABA1F92C91C4BC00AD7162 /* PlayerManagerViewController.swift */,
				45ABA1FE2C92480100AD7162 /* AudioPlayerManager.swift */,
			);
			path = podcastPlayer;
			sourceTree = "<group>";
		};
		45C39A002C8E13C60012F07F = {
			isa = PBXGroup;
			children = (
				45C39A0B2C8E13C60012F07F /* podcastPlayer */,
				45C39A222C8E13CB0012F07F /* podcastPlayerTests */,
				45C39A2C2C8E13CB0012F07F /* podcastPlayerUITests */,
				45C39A0A2C8E13C60012F07F /* Products */,
				0A92E08E6780B9558429966F /* Pods */,
				EE96A78C92FF8D315371A4F7 /* Frameworks */,
			);
			sourceTree = "<group>";
		};
		45C39A0A2C8E13C60012F07F /* Products */ = {
			isa = PBXGroup;
			children = (
				45C39A092C8E13C60012F07F /* podcastPlayer.app */,
				45C39A1F2C8E13CB0012F07F /* podcastPlayerTests.xctest */,
				45C39A292C8E13CB0012F07F /* podcastPlayerUITests.xctest */,
			);
			name = Products;
			sourceTree = "<group>";
		};
		45C39A0B2C8E13C60012F07F /* podcastPlayer */ = {
			isa = PBXGroup;
			children = (
				45ABA1D72C8FECA000AD7162 /* extensions */,
				45C39A422C8E24940012F07F /* presentation */,
				45C39A412C8E24810012F07F /* models */,
				45C39A402C8E24750012F07F /* service */,
				45C39A0C2C8E13C60012F07F /* AppDelegate.swift */,
				45C39A152C8E13CA0012F07F /* Assets.xcassets */,
				45C39A1A2C8E13CA0012F07F /* Info.plist */,
				45C39A3C2C8E186E0012F07F /* InitialVC.swift */,
			);
			path = podcastPlayer;
			sourceTree = "<group>";
		};
		45C39A222C8E13CB0012F07F /* podcastPlayerTests */ = {
			isa = PBXGroup;
			children = (
				45C39A232C8E13CB0012F07F /* podcastPlayerTests.swift */,
			);
			path = podcastPlayerTests;
			sourceTree = "<group>";
		};
		45C39A2C2C8E13CB0012F07F /* podcastPlayerUITests */ = {
			isa = PBXGroup;
			children = (
				45C39A2D2C8E13CB0012F07F /* podcastPlayerUITests.swift */,
				45C39A2F2C8E13CB0012F07F /* podcastPlayerUITestsLaunchTests.swift */,
			);
			path = podcastPlayerUITests;
			sourceTree = "<group>";
		};
		45C39A402C8E24750012F07F /* service */ = {
			isa = PBXGroup;
			children = (
				45C39A4E2C8E84E00012F07F /* PodcastService.swift */,
				45C39A502C8E873D0012F07F /* RSSParser.swift */,
				45C39A522C8E87E30012F07F /* CacheManager.swift */,
			);
			path = service;
			sourceTree = "<group>";
		};
		45C39A412C8E24810012F07F /* models */ = {
			isa = PBXGroup;
			children = (
				45C39A4A2C8E82940012F07F /* PodcastModel.swift */,
				45C39A4C2C8E82A40012F07F /* EpisodeModel.swift */,
			);
			path = models;
			sourceTree = "<group>";
		};
		45C39A422C8E24940012F07F /* presentation */ = {
			isa = PBXGroup;
			children = (
				45ABA1EA2C9114D700AD7162 /* podcastPlayer */,
				45ABA1E52C91017700AD7162 /* podcastDescription */,
				45ABA1D02C8FCD2300AD7162 /* podcastDetail */,
				45C39A432C8E29D10012F07F /* podcastEnter */,
			);
			path = presentation;
			sourceTree = "<group>";
		};
		45C39A432C8E29D10012F07F /* podcastEnter */ = {
			isa = PBXGroup;
			children = (
				45C39A442C8E2A130012F07F /* PodcastEnterViewController.swift */,
				45C39A462C8E2DD10012F07F /* PodcastEntreViewModel.swift */,
				45C39A482C8E33680012F07F /* PodcastEnterHistoryTableViewCell.swift */,
			);
			path = podcastEnter;
			sourceTree = "<group>";
		};
		EE96A78C92FF8D315371A4F7 /* Frameworks */ = {
			isa = PBXGroup;
			children = (
				DAE4DD546D87411ED7B87A99 /* Pods_podcastPlayer.framework */,
			);
			name = Frameworks;
			sourceTree = "<group>";
		};
/* End PBXGroup section */

/* Begin PBXNativeTarget section */
		45C39A082C8E13C60012F07F /* podcastPlayer */ = {
			isa = PBXNativeTarget;
			buildConfigurationList = 45C39A332C8E13CB0012F07F /* Build configuration list for PBXNativeTarget "podcastPlayer" */;
			buildPhases = (
				A017C11C0399CF14F908C1B8 /* [CP] Check Pods Manifest.lock */,
				45C39A052C8E13C60012F07F /* Sources */,
				45C39A062C8E13C60012F07F /* Frameworks */,
				45C39A072C8E13C60012F07F /* Resources */,
				F5EE0F8CBA84F363139EF64A /* [CP] Embed Pods Frameworks */,
			);
			buildRules = (
			);
			dependencies = (
			);
			name = podcastPlayer;
			productName = podcastPlayer;
			productReference = 45C39A092C8E13C60012F07F /* podcastPlayer.app */;
			productType = "com.apple.product-type.application";
		};
		45C39A1E2C8E13CB0012F07F /* podcastPlayerTests */ = {
			isa = PBXNativeTarget;
			buildConfigurationList = 45C39A362C8E13CB0012F07F /* Build configuration list for PBXNativeTarget "podcastPlayerTests" */;
			buildPhases = (
				45C39A1B2C8E13CB0012F07F /* Sources */,
				45C39A1C2C8E13CB0012F07F /* Frameworks */,
				45C39A1D2C8E13CB0012F07F /* Resources */,
			);
			buildRules = (
			);
			dependencies = (
				45C39A212C8E13CB0012F07F /* PBXTargetDependency */,
			);
			name = podcastPlayerTests;
			productName = podcastPlayerTests;
			productReference = 45C39A1F2C8E13CB0012F07F /* podcastPlayerTests.xctest */;
			productType = "com.apple.product-type.bundle.unit-test";
		};
		45C39A282C8E13CB0012F07F /* podcastPlayerUITests */ = {
			isa = PBXNativeTarget;
			buildConfigurationList = 45C39A392C8E13CB0012F07F /* Build configuration list for PBXNativeTarget "podcastPlayerUITests" */;
			buildPhases = (
				45C39A252C8E13CB0012F07F /* Sources */,
				45C39A262C8E13CB0012F07F /* Frameworks */,
				45C39A272C8E13CB0012F07F /* Resources */,
			);
			buildRules = (
			);
			dependencies = (
				45C39A2B2C8E13CB0012F07F /* PBXTargetDependency */,
			);
			name = podcastPlayerUITests;
			productName = podcastPlayerUITests;
			productReference = 45C39A292C8E13CB0012F07F /* podcastPlayerUITests.xctest */;
			productType = "com.apple.product-type.bundle.ui-testing";
		};
/* End PBXNativeTarget section */

/* Begin PBXProject section */
		45C39A012C8E13C60012F07F /* Project object */ = {
			isa = PBXProject;
			attributes = {
				BuildIndependentTargetsInParallel = 1;
				LastSwiftUpdateCheck = 1540;
				LastUpgradeCheck = 1540;
				TargetAttributes = {
					45C39A082C8E13C60012F07F = {
						CreatedOnToolsVersion = 15.4;
					};
					45C39A1E2C8E13CB0012F07F = {
						CreatedOnToolsVersion = 15.4;
						TestTargetID = 45C39A082C8E13C60012F07F;
					};
					45C39A282C8E13CB0012F07F = {
						CreatedOnToolsVersion = 15.4;
						TestTargetID = 45C39A082C8E13C60012F07F;
					};
				};
			};
			buildConfigurationList = 45C39A042C8E13C60012F07F /* Build configuration list for PBXProject "podcastPlayer" */;
			compatibilityVersion = "Xcode 14.0";
			developmentRegion = en;
			hasScannedForEncodings = 0;
			knownRegions = (
				en,
				Base,
			);
			mainGroup = 45C39A002C8E13C60012F07F;
			productRefGroup = 45C39A0A2C8E13C60012F07F /* Products */;
			projectDirPath = "";
			projectRoot = "";
			targets = (
				45C39A082C8E13C60012F07F /* podcastPlayer */,
				45C39A1E2C8E13CB0012F07F /* podcastPlayerTests */,
				45C39A282C8E13CB0012F07F /* podcastPlayerUITests */,
			);
		};
/* End PBXProject section */

/* Begin PBXResourcesBuildPhase section */
		45C39A072C8E13C60012F07F /* Resources */ = {
			isa = PBXResourcesBuildPhase;
			buildActionMask = 2147483647;
			files = (
				45C39A162C8E13CA0012F07F /* Assets.xcassets in Resources */,
			);
			runOnlyForDeploymentPostprocessing = 0;
		};
		45C39A1D2C8E13CB0012F07F /* Resources */ = {
			isa = PBXResourcesBuildPhase;
			buildActionMask = 2147483647;
			files = (
			);
			runOnlyForDeploymentPostprocessing = 0;
		};
		45C39A272C8E13CB0012F07F /* Resources */ = {
			isa = PBXResourcesBuildPhase;
			buildActionMask = 2147483647;
			files = (
			);
			runOnlyForDeploymentPostprocessing = 0;
		};
/* End PBXResourcesBuildPhase section */

/* Begin PBXShellScriptBuildPhase section */
		A017C11C0399CF14F908C1B8 /* [CP] Check Pods Manifest.lock */ = {
			isa = PBXShellScriptBuildPhase;
			buildActionMask = 2147483647;
			files = (
			);
			inputFileListPaths = (
			);
			inputPaths = (
				"${PODS_PODFILE_DIR_PATH}/Podfile.lock",
				"${PODS_ROOT}/Manifest.lock",
			);
			name = "[CP] Check Pods Manifest.lock";
			outputFileListPaths = (
			);
			outputPaths = (
				"$(DERIVED_FILE_DIR)/Pods-podcastPlayer-checkManifestLockResult.txt",
			);
			runOnlyForDeploymentPostprocessing = 0;
			shellPath = /bin/sh;
			shellScript = "diff \"${PODS_PODFILE_DIR_PATH}/Podfile.lock\" \"${PODS_ROOT}/Manifest.lock\" > /dev/null\nif [ $? != 0 ] ; then\n    # print error to STDERR\n    echo \"error: The sandbox is not in sync with the Podfile.lock. Run 'pod install' or update your CocoaPods installation.\" >&2\n    exit 1\nfi\n# This output is used by Xcode 'outputs' to avoid re-running this script phase.\necho \"SUCCESS\" > \"${SCRIPT_OUTPUT_FILE_0}\"\n";
			showEnvVarsInLog = 0;
		};
		F5EE0F8CBA84F363139EF64A /* [CP] Embed Pods Frameworks */ = {
			isa = PBXShellScriptBuildPhase;
			buildActionMask = 2147483647;
			files = (
			);
			inputFileListPaths = (
				"${PODS_ROOT}/Target Support Files/Pods-podcastPlayer/Pods-podcastPlayer-frameworks-${CONFIGURATION}-input-files.xcfilelist",
			);
			name = "[CP] Embed Pods Frameworks";
			outputFileListPaths = (
				"${PODS_ROOT}/Target Support Files/Pods-podcastPlayer/Pods-podcastPlayer-frameworks-${CONFIGURATION}-output-files.xcfilelist",
			);
			runOnlyForDeploymentPostprocessing = 0;
			shellPath = /bin/sh;
			shellScript = "\"${PODS_ROOT}/Target Support Files/Pods-podcastPlayer/Pods-podcastPlayer-frameworks.sh\"\n";
			showEnvVarsInLog = 0;
		};
/* End PBXShellScriptBuildPhase section */

/* Begin PBXSourcesBuildPhase section */
		45C39A052C8E13C60012F07F /* Sources */ = {
			isa = PBXSourcesBuildPhase;
			buildActionMask = 2147483647;
			files = (
				45C39A4B2C8E82950012F07F /* PodcastModel.swift in Sources */,
				45C39A512C8E873D0012F07F /* RSSParser.swift in Sources */,
				45ABA1F22C913C0500AD7162 /* PodcastMiniPlayerView.swift in Sources */,
				45ABA1E92C91021B00AD7162 /* PodcastDescriptionViewModel.swift in Sources */,
				45C39A452C8E2A130012F07F /* PodcastEnterViewController.swift in Sources */,
				45ABA1E42C90F0A300AD7162 /* numberOfLines.swift in Sources */,
				45ABA1DB2C907D6800AD7162 /* PodcastHeaderView.swift in Sources */,
				45ABA1F82C91C1A400AD7162 /* PodcastFullPlayer.swift in Sources */,
				45ABA1D92C8FECB800AD7162 /* CachedImage.swift in Sources */,
				45C39A492C8E33680012F07F /* PodcastEnterHistoryTableViewCell.swift in Sources */,
				45ABA1FA2C91C4BD00AD7162 /* PlayerManagerViewController.swift in Sources */,
				45ABA1D42C8FCE4000AD7162 /* PodcastDetailViewModel.swift in Sources */,
				45C39A3D2C8E186E0012F07F /* InitialVC.swift in Sources */,
				45ABA1FF2C92480100AD7162 /* AudioPlayerManager.swift in Sources */,
				45ABA1E72C91020700AD7162 /* PodcastDescriptionViewController.swift in Sources */,
				45C39A4D2C8E82A40012F07F /* EpisodeModel.swift in Sources */,
				45C39A532C8E87E30012F07F /* CacheManager.swift in Sources */,
				45ABA1D62C8FE59000AD7162 /* PodcastDetailTableViewCell.swift in Sources */,
				45ABA1E22C90996100AD7162 /* formatTimeInterval.swift in Sources */,
				45C39A472C8E2DD10012F07F /* PodcastEntreViewModel.swift in Sources */,
				45C39A4F2C8E84E00012F07F /* PodcastService.swift in Sources */,
				45ABA1EE2C911F0400AD7162 /* PodcastPlayerViewModel.swift in Sources */,
				45ABA1DF2C908F3C00AD7162 /* RemoveHTMLTag.swift in Sources */,
				45ABA1D22C8FCE3000AD7162 /* PodcastDetailViewController.swift in Sources */,
				45ABA1F42C913C2100AD7162 /* MiniPlayerViewModel.swift in Sources */,
				45C39A0D2C8E13C60012F07F /* AppDelegate.swift in Sources */,
			);
			runOnlyForDeploymentPostprocessing = 0;
		};
		45C39A1B2C8E13CB0012F07F /* Sources */ = {
			isa = PBXSourcesBuildPhase;
			buildActionMask = 2147483647;
			files = (
				45C39A242C8E13CB0012F07F /* podcastPlayerTests.swift in Sources */,
			);
			runOnlyForDeploymentPostprocessing = 0;
		};
		45C39A252C8E13CB0012F07F /* Sources */ = {
			isa = PBXSourcesBuildPhase;
			buildActionMask = 2147483647;
			files = (
				45C39A302C8E13CB0012F07F /* podcastPlayerUITestsLaunchTests.swift in Sources */,
				45C39A2E2C8E13CB0012F07F /* podcastPlayerUITests.swift in Sources */,
			);
			runOnlyForDeploymentPostprocessing = 0;
		};
/* End PBXSourcesBuildPhase section */

/* Begin PBXTargetDependency section */
		45C39A212C8E13CB0012F07F /* PBXTargetDependency */ = {
			isa = PBXTargetDependency;
			target = 45C39A082C8E13C60012F07F /* podcastPlayer */;
			targetProxy = 45C39A202C8E13CB0012F07F /* PBXContainerItemProxy */;
		};
		45C39A2B2C8E13CB0012F07F /* PBXTargetDependency */ = {
			isa = PBXTargetDependency;
			target = 45C39A082C8E13C60012F07F /* podcastPlayer */;
			targetProxy = 45C39A2A2C8E13CB0012F07F /* PBXContainerItemProxy */;
		};
/* End PBXTargetDependency section */

/* Begin XCBuildConfiguration section */
		45C39A312C8E13CB0012F07F /* Debug */ = {
			isa = XCBuildConfiguration;
			buildSettings = {
				ALWAYS_SEARCH_USER_PATHS = NO;
				ASSETCATALOG_COMPILER_GENERATE_SWIFT_ASSET_SYMBOL_EXTENSIONS = YES;
				CLANG_ANALYZER_NONNULL = YES;
				CLANG_ANALYZER_NUMBER_OBJECT_CONVERSION = YES_AGGRESSIVE;
				CLANG_CXX_LANGUAGE_STANDARD = "gnu++20";
				CLANG_ENABLE_MODULES = YES;
				CLANG_ENABLE_OBJC_ARC = YES;
				CLANG_ENABLE_OBJC_WEAK = YES;
				CLANG_WARN_BLOCK_CAPTURE_AUTORELEASING = YES;
				CLANG_WARN_BOOL_CONVERSION = YES;
				CLANG_WARN_COMMA = YES;
				CLANG_WARN_CONSTANT_CONVERSION = YES;
				CLANG_WARN_DEPRECATED_OBJC_IMPLEMENTATIONS = YES;
				CLANG_WARN_DIRECT_OBJC_ISA_USAGE = YES_ERROR;
				CLANG_WARN_DOCUMENTATION_COMMENTS = YES;
				CLANG_WARN_EMPTY_BODY = YES;
				CLANG_WARN_ENUM_CONVERSION = YES;
				CLANG_WARN_INFINITE_RECURSION = YES;
				CLANG_WARN_INT_CONVERSION = YES;
				CLANG_WARN_NON_LITERAL_NULL_CONVERSION = YES;
				CLANG_WARN_OBJC_IMPLICIT_RETAIN_SELF = YES;
				CLANG_WARN_OBJC_LITERAL_CONVERSION = YES;
				CLANG_WARN_OBJC_ROOT_CLASS = YES_ERROR;
				CLANG_WARN_QUOTED_INCLUDE_IN_FRAMEWORK_HEADER = YES;
				CLANG_WARN_RANGE_LOOP_ANALYSIS = YES;
				CLANG_WARN_STRICT_PROTOTYPES = YES;
				CLANG_WARN_SUSPICIOUS_MOVE = YES;
				CLANG_WARN_UNGUARDED_AVAILABILITY = YES_AGGRESSIVE;
				CLANG_WARN_UNREACHABLE_CODE = YES;
				CLANG_WARN__DUPLICATE_METHOD_MATCH = YES;
				COPY_PHASE_STRIP = NO;
				DEBUG_INFORMATION_FORMAT = dwarf;
				ENABLE_STRICT_OBJC_MSGSEND = YES;
				ENABLE_TESTABILITY = YES;
				ENABLE_USER_SCRIPT_SANDBOXING = NO;
				GCC_C_LANGUAGE_STANDARD = gnu17;
				GCC_DYNAMIC_NO_PIC = NO;
				GCC_NO_COMMON_BLOCKS = YES;
				GCC_OPTIMIZATION_LEVEL = 0;
				GCC_PREPROCESSOR_DEFINITIONS = (
					"DEBUG=1",
					"$(inherited)",
				);
				GCC_WARN_64_TO_32_BIT_CONVERSION = YES;
				GCC_WARN_ABOUT_RETURN_TYPE = YES_ERROR;
				GCC_WARN_UNDECLARED_SELECTOR = YES;
				GCC_WARN_UNINITIALIZED_AUTOS = YES_AGGRESSIVE;
				GCC_WARN_UNUSED_FUNCTION = YES;
				GCC_WARN_UNUSED_VARIABLE = YES;
				IPHONEOS_DEPLOYMENT_TARGET = 17.5;
				LOCALIZATION_PREFERS_STRING_CATALOGS = YES;
				MTL_ENABLE_DEBUG_INFO = INCLUDE_SOURCE;
				MTL_FAST_MATH = YES;
				ONLY_ACTIVE_ARCH = YES;
				SDKROOT = iphoneos;
				SWIFT_ACTIVE_COMPILATION_CONDITIONS = "DEBUG $(inherited)";
				SWIFT_OPTIMIZATION_LEVEL = "-Onone";
			};
			name = Debug;
		};
		45C39A322C8E13CB0012F07F /* Release */ = {
			isa = XCBuildConfiguration;
			buildSettings = {
				ALWAYS_SEARCH_USER_PATHS = NO;
				ASSETCATALOG_COMPILER_GENERATE_SWIFT_ASSET_SYMBOL_EXTENSIONS = YES;
				CLANG_ANALYZER_NONNULL = YES;
				CLANG_ANALYZER_NUMBER_OBJECT_CONVERSION = YES_AGGRESSIVE;
				CLANG_CXX_LANGUAGE_STANDARD = "gnu++20";
				CLANG_ENABLE_MODULES = YES;
				CLANG_ENABLE_OBJC_ARC = YES;
				CLANG_ENABLE_OBJC_WEAK = YES;
				CLANG_WARN_BLOCK_CAPTURE_AUTORELEASING = YES;
				CLANG_WARN_BOOL_CONVERSION = YES;
				CLANG_WARN_COMMA = YES;
				CLANG_WARN_CONSTANT_CONVERSION = YES;
				CLANG_WARN_DEPRECATED_OBJC_IMPLEMENTATIONS = YES;
				CLANG_WARN_DIRECT_OBJC_ISA_USAGE = YES_ERROR;
				CLANG_WARN_DOCUMENTATION_COMMENTS = YES;
				CLANG_WARN_EMPTY_BODY = YES;
				CLANG_WARN_ENUM_CONVERSION = YES;
				CLANG_WARN_INFINITE_RECURSION = YES;
				CLANG_WARN_INT_CONVERSION = YES;
				CLANG_WARN_NON_LITERAL_NULL_CONVERSION = YES;
				CLANG_WARN_OBJC_IMPLICIT_RETAIN_SELF = YES;
				CLANG_WARN_OBJC_LITERAL_CONVERSION = YES;
				CLANG_WARN_OBJC_ROOT_CLASS = YES_ERROR;
				CLANG_WARN_QUOTED_INCLUDE_IN_FRAMEWORK_HEADER = YES;
				CLANG_WARN_RANGE_LOOP_ANALYSIS = YES;
				CLANG_WARN_STRICT_PROTOTYPES = YES;
				CLANG_WARN_SUSPICIOUS_MOVE = YES;
				CLANG_WARN_UNGUARDED_AVAILABILITY = YES_AGGRESSIVE;
				CLANG_WARN_UNREACHABLE_CODE = YES;
				CLANG_WARN__DUPLICATE_METHOD_MATCH = YES;
				COPY_PHASE_STRIP = NO;
				DEBUG_INFORMATION_FORMAT = "dwarf-with-dsym";
				ENABLE_NS_ASSERTIONS = NO;
				ENABLE_STRICT_OBJC_MSGSEND = YES;
				ENABLE_USER_SCRIPT_SANDBOXING = NO;
				GCC_C_LANGUAGE_STANDARD = gnu17;
				GCC_NO_COMMON_BLOCKS = YES;
				GCC_WARN_64_TO_32_BIT_CONVERSION = YES;
				GCC_WARN_ABOUT_RETURN_TYPE = YES_ERROR;
				GCC_WARN_UNDECLARED_SELECTOR = YES;
				GCC_WARN_UNINITIALIZED_AUTOS = YES_AGGRESSIVE;
				GCC_WARN_UNUSED_FUNCTION = YES;
				GCC_WARN_UNUSED_VARIABLE = YES;
				IPHONEOS_DEPLOYMENT_TARGET = 17.5;
				LOCALIZATION_PREFERS_STRING_CATALOGS = YES;
				MTL_ENABLE_DEBUG_INFO = NO;
				MTL_FAST_MATH = YES;
				SDKROOT = iphoneos;
				SWIFT_COMPILATION_MODE = wholemodule;
				VALIDATE_PRODUCT = YES;
			};
			name = Release;
		};
		45C39A342C8E13CB0012F07F /* Debug */ = {
			isa = XCBuildConfiguration;
			baseConfigurationReference = E712614C3072CDA3B9891D2C /* Pods-podcastPlayer.debug.xcconfig */;
			buildSettings = {
				ASSETCATALOG_COMPILER_APPICON_NAME = AppIcon;
				ASSETCATALOG_COMPILER_GLOBAL_ACCENT_COLOR_NAME = AccentColor;
				CODE_SIGN_STYLE = Automatic;
				CURRENT_PROJECT_VERSION = 1;
				DEVELOPMENT_TEAM = HFMBC7Q736;
				GENERATE_INFOPLIST_FILE = YES;
				INFOPLIST_FILE = podcastPlayer/Info.plist;
				INFOPLIST_KEY_UIApplicationSupportsIndirectInputEvents = YES;
				INFOPLIST_KEY_UILaunchStoryboardName = LaunchScreen;
				INFOPLIST_KEY_UISupportedInterfaceOrientations_iPad = "UIInterfaceOrientationPortrait UIInterfaceOrientationPortraitUpsideDown UIInterfaceOrientationLandscapeLeft UIInterfaceOrientationLandscapeRight";
				INFOPLIST_KEY_UISupportedInterfaceOrientations_iPhone = "UIInterfaceOrientationPortrait UIInterfaceOrientationLandscapeLeft UIInterfaceOrientationLandscapeRight";
				IPHONEOS_DEPLOYMENT_TARGET = 15.0;
				LD_RUNPATH_SEARCH_PATHS = (
					"$(inherited)",
					"@executable_path/Frameworks",
				);
				MARKETING_VERSION = 1.0;
				PRODUCT_BUNDLE_IDENTIFIER = com.moraes.podcastPlayer;
				PRODUCT_NAME = "$(TARGET_NAME)";
				SWIFT_EMIT_LOC_STRINGS = YES;
				SWIFT_VERSION = 5.0;
				TARGETED_DEVICE_FAMILY = "1,2";
			};
			name = Debug;
		};
		45C39A352C8E13CB0012F07F /* Release */ = {
			isa = XCBuildConfiguration;
			baseConfigurationReference = 92F0AA80AEB5F159865E54A1 /* Pods-podcastPlayer.release.xcconfig */;
			buildSettings = {
				ASSETCATALOG_COMPILER_APPICON_NAME = AppIcon;
				ASSETCATALOG_COMPILER_GLOBAL_ACCENT_COLOR_NAME = AccentColor;
				CODE_SIGN_STYLE = Automatic;
				CURRENT_PROJECT_VERSION = 1;
				DEVELOPMENT_TEAM = HFMBC7Q736;
				GENERATE_INFOPLIST_FILE = YES;
				INFOPLIST_FILE = podcastPlayer/Info.plist;
				INFOPLIST_KEY_UIApplicationSupportsIndirectInputEvents = YES;
				INFOPLIST_KEY_UILaunchStoryboardName = LaunchScreen;
				INFOPLIST_KEY_UISupportedInterfaceOrientations_iPad = "UIInterfaceOrientationPortrait UIInterfaceOrientationPortraitUpsideDown UIInterfaceOrientationLandscapeLeft UIInterfaceOrientationLandscapeRight";
				INFOPLIST_KEY_UISupportedInterfaceOrientations_iPhone = "UIInterfaceOrientationPortrait UIInterfaceOrientationLandscapeLeft UIInterfaceOrientationLandscapeRight";
				IPHONEOS_DEPLOYMENT_TARGET = 15.0;
				LD_RUNPATH_SEARCH_PATHS = (
					"$(inherited)",
					"@executable_path/Frameworks",
				);
				MARKETING_VERSION = 1.0;
				PRODUCT_BUNDLE_IDENTIFIER = com.moraes.podcastPlayer;
				PRODUCT_NAME = "$(TARGET_NAME)";
				SWIFT_EMIT_LOC_STRINGS = YES;
				SWIFT_VERSION = 5.0;
				TARGETED_DEVICE_FAMILY = "1,2";
			};
			name = Release;
		};
		45C39A372C8E13CB0012F07F /* Debug */ = {
			isa = XCBuildConfiguration;
			buildSettings = {
				ALWAYS_EMBED_SWIFT_STANDARD_LIBRARIES = YES;
				BUNDLE_LOADER = "$(TEST_HOST)";
				CODE_SIGN_STYLE = Automatic;
				CURRENT_PROJECT_VERSION = 1;
				DEVELOPMENT_TEAM = HFMBC7Q736;
				GENERATE_INFOPLIST_FILE = YES;
				IPHONEOS_DEPLOYMENT_TARGET = 17.5;
				MARKETING_VERSION = 1.0;
				PRODUCT_BUNDLE_IDENTIFIER = com.moraes.podcastPlayerTests;
				PRODUCT_NAME = "$(TARGET_NAME)";
				SWIFT_EMIT_LOC_STRINGS = NO;
				SWIFT_VERSION = 5.0;
				TARGETED_DEVICE_FAMILY = "1,2";
				TEST_HOST = "$(BUILT_PRODUCTS_DIR)/podcastPlayer.app/$(BUNDLE_EXECUTABLE_FOLDER_PATH)/podcastPlayer";
			};
			name = Debug;
		};
		45C39A382C8E13CB0012F07F /* Release */ = {
			isa = XCBuildConfiguration;
			buildSettings = {
				ALWAYS_EMBED_SWIFT_STANDARD_LIBRARIES = YES;
				BUNDLE_LOADER = "$(TEST_HOST)";
				CODE_SIGN_STYLE = Automatic;
				CURRENT_PROJECT_VERSION = 1;
				DEVELOPMENT_TEAM = HFMBC7Q736;
				GENERATE_INFOPLIST_FILE = YES;
				IPHONEOS_DEPLOYMENT_TARGET = 17.5;
				MARKETING_VERSION = 1.0;
				PRODUCT_BUNDLE_IDENTIFIER = com.moraes.podcastPlayerTests;
				PRODUCT_NAME = "$(TARGET_NAME)";
				SWIFT_EMIT_LOC_STRINGS = NO;
				SWIFT_VERSION = 5.0;
				TARGETED_DEVICE_FAMILY = "1,2";
				TEST_HOST = "$(BUILT_PRODUCTS_DIR)/podcastPlayer.app/$(BUNDLE_EXECUTABLE_FOLDER_PATH)/podcastPlayer";
			};
			name = Release;
		};
		45C39A3A2C8E13CB0012F07F /* Debug */ = {
			isa = XCBuildConfiguration;
			buildSettings = {
				ALWAYS_EMBED_SWIFT_STANDARD_LIBRARIES = YES;
				CODE_SIGN_STYLE = Automatic;
				CURRENT_PROJECT_VERSION = 1;
				DEVELOPMENT_TEAM = HFMBC7Q736;
				GENERATE_INFOPLIST_FILE = YES;
				MARKETING_VERSION = 1.0;
				PRODUCT_BUNDLE_IDENTIFIER = com.moraes.podcastPlayerUITests;
				PRODUCT_NAME = "$(TARGET_NAME)";
				SWIFT_EMIT_LOC_STRINGS = NO;
				SWIFT_VERSION = 5.0;
				TARGETED_DEVICE_FAMILY = "1,2";
				TEST_TARGET_NAME = podcastPlayer;
			};
			name = Debug;
		};
		45C39A3B2C8E13CB0012F07F /* Release */ = {
			isa = XCBuildConfiguration;
			buildSettings = {
				ALWAYS_EMBED_SWIFT_STANDARD_LIBRARIES = YES;
				CODE_SIGN_STYLE = Automatic;
				CURRENT_PROJECT_VERSION = 1;
				DEVELOPMENT_TEAM = HFMBC7Q736;
				GENERATE_INFOPLIST_FILE = YES;
				MARKETING_VERSION = 1.0;
				PRODUCT_BUNDLE_IDENTIFIER = com.moraes.podcastPlayerUITests;
				PRODUCT_NAME = "$(TARGET_NAME)";
				SWIFT_EMIT_LOC_STRINGS = NO;
				SWIFT_VERSION = 5.0;
				TARGETED_DEVICE_FAMILY = "1,2";
				TEST_TARGET_NAME = podcastPlayer;
			};
			name = Release;
		};
/* End XCBuildConfiguration section */

/* Begin XCConfigurationList section */
		45C39A042C8E13C60012F07F /* Build configuration list for PBXProject "podcastPlayer" */ = {
			isa = XCConfigurationList;
			buildConfigurations = (
				45C39A312C8E13CB0012F07F /* Debug */,
				45C39A322C8E13CB0012F07F /* Release */,
			);
			defaultConfigurationIsVisible = 0;
			defaultConfigurationName = Release;
		};
		45C39A332C8E13CB0012F07F /* Build configuration list for PBXNativeTarget "podcastPlayer" */ = {
			isa = XCConfigurationList;
			buildConfigurations = (
				45C39A342C8E13CB0012F07F /* Debug */,
				45C39A352C8E13CB0012F07F /* Release */,
			);
			defaultConfigurationIsVisible = 0;
			defaultConfigurationName = Release;
		};
		45C39A362C8E13CB0012F07F /* Build configuration list for PBXNativeTarget "podcastPlayerTests" */ = {
			isa = XCConfigurationList;
			buildConfigurations = (
				45C39A372C8E13CB0012F07F /* Debug */,
				45C39A382C8E13CB0012F07F /* Release */,
			);
			defaultConfigurationIsVisible = 0;
			defaultConfigurationName = Release;
		};
		45C39A392C8E13CB0012F07F /* Build configuration list for PBXNativeTarget "podcastPlayerUITests" */ = {
			isa = XCConfigurationList;
			buildConfigurations = (
				45C39A3A2C8E13CB0012F07F /* Debug */,
				45C39A3B2C8E13CB0012F07F /* Release */,
			);
			defaultConfigurationIsVisible = 0;
			defaultConfigurationName = Release;
		};
/* End XCConfigurationList section */
	};
	rootObject = 45C39A012C8E13C60012F07F /* Project object */;
}
